github.com/kenshaw/emoji v0.3.4 h1:D8OTWSFuFTMeiCDL5/GgYXy4ONCmN3hQTGKISGiK4u0=
github.com/kenshaw/emoji v0.3.4/go.mod h1:elpkKAS92j09SJvW/0sXfdMgltL7TQi7ToZD4tehPko=
github.com/xo/ox v0.0.0-20250130034615-44e38f949f5c h1:Z9wImRKJ+R7sMR51wEFHvTYXl7tjtpsRi2VDwCSX3Bg=
github.com/xo/ox v0.0.0-20250130034615-44e38f949f5c/go.mod h1:pwpZ1qT1CjQI+tV5S3pcJaDrdyiCpupYkaYeSr0bp5A=
golang.org/x/sync v0.13.0 h1:AauUjRAJ9OSnvULf/ARrrVywoJDy0YS2AwQ98I37610=
golang.org/x/sync v0.13.0/go.mod h1:1dzgHSNfp02xaA81J2MS99Qcpr2w7fw1gpm99rleRqA=
golang.org/x/text v0.24.0 h1:dd5Bzh4yt5KYA8f9CJHCP4FB4D51c2c6JvN37xJJkJ0=
golang.org/x/text v0.24.0/go.mod h1:L8rBsPeo2pSS+xqN0d5u2ikmjtmoJbDBT1b7nHvFCdU=
